
Microsoft Visual Studio Solution File, Format Version 12.00
# Visual Studio Version 17
VisualStudioVersion = 17.11.35327.3
MinimumVisualStudioVersion = 10.0.40219.1
Project("{FAE04EC0-301F-11D3-BF4B-00C04F79EFBC}") = "ESP8266", "ESP8266\ESP8266.csproj", "{5FF1BC55-17F3-489E-9B34-A386288521D0}"
EndProject
Global
	GlobalSection(SolutionConfigurationPlatforms) = preSolution
		Debug|Any CPU = Debug|Any CPU
		Release|Any CPU = Release|Any CPU
	EndGlobalSection
	GlobalSection(ProjectConfigurationPlatforms) = postSolution
		{5FF1BC55-17F3-489E-9B34-A386288521D0}.Debug|Any CPU.ActiveCfg = Debug|Any CPU
		{5FF1BC55-17F3-489E-9B34-A386288521D0}.Debug|Any CPU.Build.0 = Debug|Any CPU
		{5FF1BC55-17F3-489E-9B34-A386288521D0}.Release|Any CPU.ActiveCfg = Release|Any CPU
		{5FF1BC55-17F3-489E-9B34-A386288521D0}.Release|Any CPU.Build.0 = Release|Any CPU
	EndGlobalSection
	GlobalSection(SolutionProperties) = preSolution
		HideSolutionNode = FALSE
	EndGlobalSection
	GlobalSection(ExtensibilityGlobals) = postSolution
		SolutionGuid = {99A30F65-FB6E-4E36-A257-327D36807B3D}
	EndGlobalSection
EndGlobal
